
Microsoft Visual Studio Solution File, Format Version 12.00
# Visual Studio Version 17
VisualStudioVersion = 17.11.35327.3
MinimumVisualStudioVersion = 10.0.40219.1
Project("{FAE04EC0-301F-11D3-BF4B-00C04F79EFBC}") = "KuraUyg", "KuraUyg\KuraUyg.csproj", "{D4918A97-F845-4433-A70D-941D9ECBB7E2}"
EndProject
Global
	GlobalSection(SolutionConfigurationPlatforms) = preSolution
		Debug|Any CPU = Debug|Any CPU
		Release|Any CPU = Release|Any CPU
	EndGlobalSection
	GlobalSection(ProjectConfigurationPlatforms) = postSolution
		{D4918A97-F845-4433-A70D-941D9ECBB7E2}.Debug|Any CPU.ActiveCfg = Debug|Any CPU
		{D4918A97-F845-4433-A70D-941D9ECBB7E2}.Debug|Any CPU.Build.0 = Debug|Any CPU
		{D4918A97-F845-4433-A70D-941D9ECBB7E2}.Release|Any CPU.ActiveCfg = Release|Any CPU
		{D4918A97-F845-4433-A70D-941D9ECBB7E2}.Release|Any CPU.Build.0 = Release|Any CPU
	EndGlobalSection
	GlobalSection(SolutionProperties) = preSolution
		HideSolutionNode = FALSE
	EndGlobalSection
	GlobalSection(ExtensibilityGlobals) = postSolution
		SolutionGuid = {3FB39E50-F609-4A83-B56D-0E865A39A76F}
	EndGlobalSection
EndGlobal
