
Microsoft Visual Studio Solution File, Format Version 12.00
# Visual Studio Version 17
VisualStudioVersion = 17.11.35327.3
MinimumVisualStudioVersion = 10.0.40219.1
Project("{FAE04EC0-301F-11D3-BF4B-00C04F79EFBC}") = "FaturaKontrol", "FaturaKontrol\FaturaKontrol.csproj", "{DCB7C897-240D-49A6-B0BE-632E2F7495C9}"
EndProject
Global
	GlobalSection(SolutionConfigurationPlatforms) = preSolution
		Debug|Any CPU = Debug|Any CPU
		Release|Any CPU = Release|Any CPU
	EndGlobalSection
	GlobalSection(ProjectConfigurationPlatforms) = postSolution
		{DCB7C897-240D-49A6-B0BE-632E2F7495C9}.Debug|Any CPU.ActiveCfg = Debug|Any CPU
		{DCB7C897-240D-49A6-B0BE-632E2F7495C9}.Debug|Any CPU.Build.0 = Debug|Any CPU
		{DCB7C897-240D-49A6-B0BE-632E2F7495C9}.Release|Any CPU.ActiveCfg = Release|Any CPU
		{DCB7C897-240D-49A6-B0BE-632E2F7495C9}.Release|Any CPU.Build.0 = Release|Any CPU
	EndGlobalSection
	GlobalSection(SolutionProperties) = preSolution
		HideSolutionNode = FALSE
	EndGlobalSection
	GlobalSection(ExtensibilityGlobals) = postSolution
		SolutionGuid = {90BD903A-5449-4F91-B5D3-FB62C9FF8FE9}
	EndGlobalSection
EndGlobal
